
Microsoft Visual Studio Solution File, Format Version 12.00
# Visual Studio Version 17
VisualStudioVersion = 17.9.34728.123
MinimumVisualStudioVersion = 10.0.40219.1
Project("{9A19103F-16F7-4668-BE54-9A1E7A4F7556}") = "Vocabify.API", "Vocabify.API\Vocabify.API.csproj", "{48665C5D-064C-401D-AB6F-D65809A43D62}"
EndProject
Global
	GlobalSection(SolutionConfigurationPlatforms) = preSolution
		Debug|Any CPU = Debug|Any CPU
		Release|Any CPU = Release|Any CPU
	EndGlobalSection
	GlobalSection(ProjectConfigurationPlatforms) = postSolution
		{48665C5D-064C-401D-AB6F-D65809A43D62}.Debug|Any CPU.ActiveCfg = Debug|Any CPU
		{48665C5D-064C-401D-AB6F-D65809A43D62}.Debug|Any CPU.Build.0 = Debug|Any CPU
		{48665C5D-064C-401D-AB6F-D65809A43D62}.Release|Any CPU.ActiveCfg = Release|Any CPU
		{48665C5D-064C-401D-AB6F-D65809A43D62}.Release|Any CPU.Build.0 = Release|Any CPU
	EndGlobalSection
	GlobalSection(SolutionProperties) = preSolution
		HideSolutionNode = FALSE
	EndGlobalSection
	GlobalSection(ExtensibilityGlobals) = postSolution
		SolutionGuid = {2F2A9113-2D06-4001-B6A5-0792B9DA2C72}
	EndGlobalSection
EndGlobal
